
Microsoft Visual Studio Solution File, Format Version 12.00
# Visual Studio Version 17
VisualStudioVersion = 17.8.34408.163
MinimumVisualStudioVersion = 10.0.40219.1
Project("{9A19103F-16F7-4668-BE54-9A1E7A4F7556}") = "M002", "M002\M002.csproj", "{BA9B0164-0E86-4C6A-9F1D-2604D80E60DF}"
EndProject
Project("{9A19103F-16F7-4668-BE54-9A1E7A4F7556}") = "M003", "M003\M003.csproj", "{4C13535B-5E67-4312-B747-9E1C838EF3BD}"
EndProject
Project("{9A19103F-16F7-4668-BE54-9A1E7A4F7556}") = "M004", "M004\M004.csproj", "{3A8AED04-8EDD-4573-B812-5346CC25A90D}"
EndProject
Project("{9A19103F-16F7-4668-BE54-9A1E7A4F7556}") = "M005", "M005\M005.csproj", "{2D19A0B2-EEE3-4A2E-B76E-1FF197F504D9}"
EndProject
Project("{9A19103F-16F7-4668-BE54-9A1E7A4F7556}") = "M000", "M000\M000.csproj", "{0FD801A2-368C-400D-BBD1-0ED32CA1DE46}"
EndProject
Project("{9A19103F-16F7-4668-BE54-9A1E7A4F7556}") = "M006", "M006\M006.csproj", "{1F6D6BD4-2F33-4A59-A086-A44B6BAFCE6F}"
EndProject
Project("{9A19103F-16F7-4668-BE54-9A1E7A4F7556}") = "M007", "M007\M007.csproj", "{F9EEFB2F-35CC-42E7-B24E-326F4DCEE683}"
EndProject
Project("{9A19103F-16F7-4668-BE54-9A1E7A4F7556}") = "M008", "M008\M008.csproj", "{D909286E-67BB-4DA0-B71E-A4F5797E993E}"
EndProject
Project("{9A19103F-16F7-4668-BE54-9A1E7A4F7556}") = "M009", "M009\M009.csproj", "{6DA9C8FD-EF92-4F90-A502-4E635128EACE}"
EndProject
Project("{FAE04EC0-301F-11D3-BF4B-00C04F79EFBC}") = "M010", "M010\M010.csproj", "{E9894A3E-DF94-4F72-89B0-6A4E624D223B}"
EndProject
Global
	GlobalSection(SolutionConfigurationPlatforms) = preSolution
		Debug|Any CPU = Debug|Any CPU
		Release|Any CPU = Release|Any CPU
	EndGlobalSection
	GlobalSection(ProjectConfigurationPlatforms) = postSolution
		{BA9B0164-0E86-4C6A-9F1D-2604D80E60DF}.Debug|Any CPU.ActiveCfg = Debug|Any CPU
		{BA9B0164-0E86-4C6A-9F1D-2604D80E60DF}.Debug|Any CPU.Build.0 = Debug|Any CPU
		{BA9B0164-0E86-4C6A-9F1D-2604D80E60DF}.Debug|Any CPU.Deploy.0 = Debug|Any CPU
		{BA9B0164-0E86-4C6A-9F1D-2604D80E60DF}.Release|Any CPU.ActiveCfg = Release|Any CPU
		{BA9B0164-0E86-4C6A-9F1D-2604D80E60DF}.Release|Any CPU.Build.0 = Release|Any CPU
		{BA9B0164-0E86-4C6A-9F1D-2604D80E60DF}.Release|Any CPU.Deploy.0 = Release|Any CPU
		{4C13535B-5E67-4312-B747-9E1C838EF3BD}.Debug|Any CPU.ActiveCfg = Debug|Any CPU
		{4C13535B-5E67-4312-B747-9E1C838EF3BD}.Debug|Any CPU.Build.0 = Debug|Any CPU
		{4C13535B-5E67-4312-B747-9E1C838EF3BD}.Debug|Any CPU.Deploy.0 = Debug|Any CPU
		{4C13535B-5E67-4312-B747-9E1C838EF3BD}.Release|Any CPU.ActiveCfg = Release|Any CPU
		{4C13535B-5E67-4312-B747-9E1C838EF3BD}.Release|Any CPU.Build.0 = Release|Any CPU
		{4C13535B-5E67-4312-B747-9E1C838EF3BD}.Release|Any CPU.Deploy.0 = Release|Any CPU
		{3A8AED04-8EDD-4573-B812-5346CC25A90D}.Debug|Any CPU.ActiveCfg = Debug|Any CPU
		{3A8AED04-8EDD-4573-B812-5346CC25A90D}.Debug|Any CPU.Build.0 = Debug|Any CPU
		{3A8AED04-8EDD-4573-B812-5346CC25A90D}.Debug|Any CPU.Deploy.0 = Debug|Any CPU
		{3A8AED04-8EDD-4573-B812-5346CC25A90D}.Release|Any CPU.ActiveCfg = Release|Any CPU
		{3A8AED04-8EDD-4573-B812-5346CC25A90D}.Release|Any CPU.Build.0 = Release|Any CPU
		{3A8AED04-8EDD-4573-B812-5346CC25A90D}.Release|Any CPU.Deploy.0 = Release|Any CPU
		{2D19A0B2-EEE3-4A2E-B76E-1FF197F504D9}.Debug|Any CPU.ActiveCfg = Debug|Any CPU
		{2D19A0B2-EEE3-4A2E-B76E-1FF197F504D9}.Debug|Any CPU.Build.0 = Debug|Any CPU
		{2D19A0B2-EEE3-4A2E-B76E-1FF197F504D9}.Debug|Any CPU.Deploy.0 = Debug|Any CPU
		{2D19A0B2-EEE3-4A2E-B76E-1FF197F504D9}.Release|Any CPU.ActiveCfg = Release|Any CPU
		{2D19A0B2-EEE3-4A2E-B76E-1FF197F504D9}.Release|Any CPU.Build.0 = Release|Any CPU
		{2D19A0B2-EEE3-4A2E-B76E-1FF197F504D9}.Release|Any CPU.Deploy.0 = Release|Any CPU
		{0FD801A2-368C-400D-BBD1-0ED32CA1DE46}.Debug|Any CPU.ActiveCfg = Debug|Any CPU
		{0FD801A2-368C-400D-BBD1-0ED32CA1DE46}.Debug|Any CPU.Build.0 = Debug|Any CPU
		{0FD801A2-368C-400D-BBD1-0ED32CA1DE46}.Debug|Any CPU.Deploy.0 = Debug|Any CPU
		{0FD801A2-368C-400D-BBD1-0ED32CA1DE46}.Release|Any CPU.ActiveCfg = Release|Any CPU
		{0FD801A2-368C-400D-BBD1-0ED32CA1DE46}.Release|Any CPU.Build.0 = Release|Any CPU
		{0FD801A2-368C-400D-BBD1-0ED32CA1DE46}.Release|Any CPU.Deploy.0 = Release|Any CPU
		{1F6D6BD4-2F33-4A59-A086-A44B6BAFCE6F}.Debug|Any CPU.ActiveCfg = Debug|Any CPU
		{1F6D6BD4-2F33-4A59-A086-A44B6BAFCE6F}.Debug|Any CPU.Build.0 = Debug|Any CPU
		{1F6D6BD4-2F33-4A59-A086-A44B6BAFCE6F}.Debug|Any CPU.Deploy.0 = Debug|Any CPU
		{1F6D6BD4-2F33-4A59-A086-A44B6BAFCE6F}.Release|Any CPU.ActiveCfg = Release|Any CPU
		{1F6D6BD4-2F33-4A59-A086-A44B6BAFCE6F}.Release|Any CPU.Build.0 = Release|Any CPU
		{1F6D6BD4-2F33-4A59-A086-A44B6BAFCE6F}.Release|Any CPU.Deploy.0 = Release|Any CPU
		{F9EEFB2F-35CC-42E7-B24E-326F4DCEE683}.Debug|Any CPU.ActiveCfg = Debug|Any CPU
		{F9EEFB2F-35CC-42E7-B24E-326F4DCEE683}.Debug|Any CPU.Build.0 = Debug|Any CPU
		{F9EEFB2F-35CC-42E7-B24E-326F4DCEE683}.Debug|Any CPU.Deploy.0 = Debug|Any CPU
		{F9EEFB2F-35CC-42E7-B24E-326F4DCEE683}.Release|Any CPU.ActiveCfg = Release|Any CPU
		{F9EEFB2F-35CC-42E7-B24E-326F4DCEE683}.Release|Any CPU.Build.0 = Release|Any CPU
		{F9EEFB2F-35CC-42E7-B24E-326F4DCEE683}.Release|Any CPU.Deploy.0 = Release|Any CPU
		{D909286E-67BB-4DA0-B71E-A4F5797E993E}.Debug|Any CPU.ActiveCfg = Debug|Any CPU
		{D909286E-67BB-4DA0-B71E-A4F5797E993E}.Debug|Any CPU.Build.0 = Debug|Any CPU
		{D909286E-67BB-4DA0-B71E-A4F5797E993E}.Debug|Any CPU.Deploy.0 = Debug|Any CPU
		{D909286E-67BB-4DA0-B71E-A4F5797E993E}.Release|Any CPU.ActiveCfg = Release|Any CPU
		{D909286E-67BB-4DA0-B71E-A4F5797E993E}.Release|Any CPU.Build.0 = Release|Any CPU
		{D909286E-67BB-4DA0-B71E-A4F5797E993E}.Release|Any CPU.Deploy.0 = Release|Any CPU
		{6DA9C8FD-EF92-4F90-A502-4E635128EACE}.Debug|Any CPU.ActiveCfg = Debug|Any CPU
		{6DA9C8FD-EF92-4F90-A502-4E635128EACE}.Debug|Any CPU.Build.0 = Debug|Any CPU
		{6DA9C8FD-EF92-4F90-A502-4E635128EACE}.Debug|Any CPU.Deploy.0 = Debug|Any CPU
		{6DA9C8FD-EF92-4F90-A502-4E635128EACE}.Release|Any CPU.ActiveCfg = Release|Any CPU
		{6DA9C8FD-EF92-4F90-A502-4E635128EACE}.Release|Any CPU.Build.0 = Release|Any CPU
		{6DA9C8FD-EF92-4F90-A502-4E635128EACE}.Release|Any CPU.Deploy.0 = Release|Any CPU
		{E9894A3E-DF94-4F72-89B0-6A4E624D223B}.Debug|Any CPU.ActiveCfg = Debug|Any CPU
		{E9894A3E-DF94-4F72-89B0-6A4E624D223B}.Debug|Any CPU.Build.0 = Debug|Any CPU
		{E9894A3E-DF94-4F72-89B0-6A4E624D223B}.Debug|Any CPU.Deploy.0 = Debug|Any CPU
		{E9894A3E-DF94-4F72-89B0-6A4E624D223B}.Release|Any CPU.ActiveCfg = Release|Any CPU
		{E9894A3E-DF94-4F72-89B0-6A4E624D223B}.Release|Any CPU.Build.0 = Release|Any CPU
		{E9894A3E-DF94-4F72-89B0-6A4E624D223B}.Release|Any CPU.Deploy.0 = Release|Any CPU
	EndGlobalSection
	GlobalSection(SolutionProperties) = preSolution
		HideSolutionNode = FALSE
	EndGlobalSection
	GlobalSection(ExtensibilityGlobals) = postSolution
		SolutionGuid = {2446B942-E59A-4B89-8B8A-D6D7A4EBA57D}
	EndGlobalSection
EndGlobal
